
Microsoft Visual Studio Solution File, Format Version 12.00
# Visual Studio Version 17
VisualStudioVersion = 17.9.34616.47
MinimumVisualStudioVersion = 10.0.40219.1
Project("{2150E333-8FDC-42A3-9474-1A3956D46DE8}") = "src", "src", "{BD4B64EC-DF86-4F98-937B-5234FE81F1B8}"
EndProject
Project("{9A19103F-16F7-4668-BE54-9A1E7A4F7556}") = "RookieEShopper.Domain", "src\RookieEShopper.Domain\RookieEShopper.Domain.csproj", "{E6941434-014D-42FC-A382-3161EFF387C8}"
EndProject
Project("{9A19103F-16F7-4668-BE54-9A1E7A4F7556}") = "RookieEShopper.Api", "src\RookieEShopper.Api\RookieEShopper.Api.csproj", "{48C997C2-9BD6-41FA-9393-E426367CD96E}"
EndProject
Project("{9A19103F-16F7-4668-BE54-9A1E7A4F7556}") = "RookieEShopper.Application", "src\RookieEShopper.Application\RookieEShopper.Application.csproj", "{80D20BD7-B1D4-46B9-947A-04F2EAFB95B7}"
EndProject
Project("{9A19103F-16F7-4668-BE54-9A1E7A4F7556}") = "RookieEShopper.Infrastructure", "src\RookieEShopper.Infrastructure\RookieEShopper.Infrastructure.csproj", "{EF999D2E-56C6-4F7B-AF3C-BC594976EDB6}"
EndProject
Project("{9A19103F-16F7-4668-BE54-9A1E7A4F7556}") = "RookieEShopper.SharedLibrary", "src\RookieEShopper.ShardViewModel\RookieEShopper.SharedLibrary.csproj", "{D758438A-F8CC-4C6F-830C-FE594540AEF1}"
EndProject
Project("{9A19103F-16F7-4668-BE54-9A1E7A4F7556}") = "RookieEShopper.CustomerFrontend", "RookieEShopper.CustomerFrontend\RookieEShopper.CustomerFrontend.csproj", "{75405132-C397-48C7-A588-411EA183FFC6}"
EndProject
Project("{9A19103F-16F7-4668-BE54-9A1E7A4F7556}") = "RookieEcommerce.Auth", "src\RookieEcommerce.Auth\RookieEcommerce.Auth.csproj", "{9CFCA0BB-CB95-41B8-8163-F16135F29C81}"
EndProject
Project("{FAE04EC0-301F-11D3-BF4B-00C04F79EFBC}") = "RookieECommerce.UnitTest", "RookieECommerce.UnitTest\RookieECommerce.UnitTest.csproj", "{1C2F78C4-92E1-478B-BD07-E34B2E9CCE32}"
EndProject
Global
	GlobalSection(SolutionConfigurationPlatforms) = preSolution
		Debug|Any CPU = Debug|Any CPU
		Release|Any CPU = Release|Any CPU
	EndGlobalSection
	GlobalSection(ProjectConfigurationPlatforms) = postSolution
		{E6941434-014D-42FC-A382-3161EFF387C8}.Debug|Any CPU.ActiveCfg = Debug|Any CPU
		{E6941434-014D-42FC-A382-3161EFF387C8}.Debug|Any CPU.Build.0 = Debug|Any CPU
		{E6941434-014D-42FC-A382-3161EFF387C8}.Release|Any CPU.ActiveCfg = Release|Any CPU
		{E6941434-014D-42FC-A382-3161EFF387C8}.Release|Any CPU.Build.0 = Release|Any CPU
		{48C997C2-9BD6-41FA-9393-E426367CD96E}.Debug|Any CPU.ActiveCfg = Debug|Any CPU
		{48C997C2-9BD6-41FA-9393-E426367CD96E}.Debug|Any CPU.Build.0 = Debug|Any CPU
		{48C997C2-9BD6-41FA-9393-E426367CD96E}.Release|Any CPU.ActiveCfg = Release|Any CPU
		{48C997C2-9BD6-41FA-9393-E426367CD96E}.Release|Any CPU.Build.0 = Release|Any CPU
		{80D20BD7-B1D4-46B9-947A-04F2EAFB95B7}.Debug|Any CPU.ActiveCfg = Debug|Any CPU
		{80D20BD7-B1D4-46B9-947A-04F2EAFB95B7}.Debug|Any CPU.Build.0 = Debug|Any CPU
		{80D20BD7-B1D4-46B9-947A-04F2EAFB95B7}.Release|Any CPU.ActiveCfg = Release|Any CPU
		{80D20BD7-B1D4-46B9-947A-04F2EAFB95B7}.Release|Any CPU.Build.0 = Release|Any CPU
		{EF999D2E-56C6-4F7B-AF3C-BC594976EDB6}.Debug|Any CPU.ActiveCfg = Debug|Any CPU
		{EF999D2E-56C6-4F7B-AF3C-BC594976EDB6}.Debug|Any CPU.Build.0 = Debug|Any CPU
		{EF999D2E-56C6-4F7B-AF3C-BC594976EDB6}.Release|Any CPU.ActiveCfg = Release|Any CPU
		{EF999D2E-56C6-4F7B-AF3C-BC594976EDB6}.Release|Any CPU.Build.0 = Release|Any CPU
		{D758438A-F8CC-4C6F-830C-FE594540AEF1}.Debug|Any CPU.ActiveCfg = Debug|Any CPU
		{D758438A-F8CC-4C6F-830C-FE594540AEF1}.Debug|Any CPU.Build.0 = Debug|Any CPU
		{D758438A-F8CC-4C6F-830C-FE594540AEF1}.Release|Any CPU.ActiveCfg = Release|Any CPU
		{D758438A-F8CC-4C6F-830C-FE594540AEF1}.Release|Any CPU.Build.0 = Release|Any CPU
		{75405132-C397-48C7-A588-411EA183FFC6}.Debug|Any CPU.ActiveCfg = Debug|Any CPU
		{75405132-C397-48C7-A588-411EA183FFC6}.Debug|Any CPU.Build.0 = Debug|Any CPU
		{75405132-C397-48C7-A588-411EA183FFC6}.Release|Any CPU.ActiveCfg = Release|Any CPU
		{75405132-C397-48C7-A588-411EA183FFC6}.Release|Any CPU.Build.0 = Release|Any CPU
		{9CFCA0BB-CB95-41B8-8163-F16135F29C81}.Debug|Any CPU.ActiveCfg = Debug|Any CPU
		{9CFCA0BB-CB95-41B8-8163-F16135F29C81}.Debug|Any CPU.Build.0 = Debug|Any CPU
		{9CFCA0BB-CB95-41B8-8163-F16135F29C81}.Release|Any CPU.ActiveCfg = Release|Any CPU
		{9CFCA0BB-CB95-41B8-8163-F16135F29C81}.Release|Any CPU.Build.0 = Release|Any CPU
		{1C2F78C4-92E1-478B-BD07-E34B2E9CCE32}.Debug|Any CPU.ActiveCfg = Debug|Any CPU
		{1C2F78C4-92E1-478B-BD07-E34B2E9CCE32}.Debug|Any CPU.Build.0 = Debug|Any CPU
		{1C2F78C4-92E1-478B-BD07-E34B2E9CCE32}.Release|Any CPU.ActiveCfg = Release|Any CPU
		{1C2F78C4-92E1-478B-BD07-E34B2E9CCE32}.Release|Any CPU.Build.0 = Release|Any CPU
	EndGlobalSection
	GlobalSection(SolutionProperties) = preSolution
		HideSolutionNode = FALSE
	EndGlobalSection
	GlobalSection(NestedProjects) = preSolution
		{E6941434-014D-42FC-A382-3161EFF387C8} = {BD4B64EC-DF86-4F98-937B-5234FE81F1B8}
		{48C997C2-9BD6-41FA-9393-E426367CD96E} = {BD4B64EC-DF86-4F98-937B-5234FE81F1B8}
		{80D20BD7-B1D4-46B9-947A-04F2EAFB95B7} = {BD4B64EC-DF86-4F98-937B-5234FE81F1B8}
		{EF999D2E-56C6-4F7B-AF3C-BC594976EDB6} = {BD4B64EC-DF86-4F98-937B-5234FE81F1B8}
		{D758438A-F8CC-4C6F-830C-FE594540AEF1} = {BD4B64EC-DF86-4F98-937B-5234FE81F1B8}
		{9CFCA0BB-CB95-41B8-8163-F16135F29C81} = {BD4B64EC-DF86-4F98-937B-5234FE81F1B8}
	EndGlobalSection
	GlobalSection(ExtensibilityGlobals) = postSolution
		SolutionGuid = {85E114AF-E534-4B4D-9B85-2AD36A143DEE}
	EndGlobalSection
EndGlobal
